PODS:
  - desktop_window (0.4.3):
    - FlutterMacOS
  - FlutterMacOS (1.0.0)

DEPENDENCIES:
  - desktop_window (from `Flutter/ephemeral/.symlinks/plugins/desktop_window/macos`)
  - FlutterMacOS (from `Flutter/ephemeral`)

EXTERNAL SOURCES:
  desktop_window:
    :path: Flutter/ephemeral/.symlinks/plugins/desktop_window/macos
  FlutterMacOS:
    :path: Flutter/ephemeral

SPEC CHECKSUMS:
  desktop_window: 52be864a782cbdae77ad04ca4547bd62073ced4a
  FlutterMacOS: d0db08ddef1a9af05a5ec4b724367152bb0500b1

PODFILE CHECKSUM: 9de470a4b67267229f0972ae5593f8908469c164

COCOAPODS: 1.16.2
